
Microsoft Visual Studio Solution File, Format Version 12.00
# Visual Studio Version 17
VisualStudioVersion = 17.13.35931.197
MinimumVisualStudioVersion = 10.0.40219.1
Project("{FAE04EC0-301F-11D3-BF4B-00C04F79EFBC}") = "DeviceArchiving.Data", "DeviceArchiving.Data\DeviceArchiving.Data.csproj", "{976F6608-2F58-48C3-B39B-7769F438D1BC}"
EndProject
Project("{FAE04EC0-301F-11D3-BF4B-00C04F79EFBC}") = "DeviceArchiving.Api", "DeviceArchiving.Api\DeviceArchiving.Api.csproj", "{C5561563-D394-48E3-AB34-E64F7C0DF6BD}"
EndProject
Project("{FAE04EC0-301F-11D3-BF4B-00C04F79EFBC}") = "DeviceArchiving.Service", "DeviceArchiving.Service\DeviceArchiving.Service.csproj", "{BCA7638A-F48A-4F60-94B7-13495A9BD39F}"
EndProject
Project("{FAE04EC0-301F-11D3-BF4B-00C04F79EFBC}") = "DeviceArchiving.WindowsForm", "DeviceArchiving.WindowsForm\DeviceArchiving.WindowsForm.csproj", "{12C13C9B-9AD6-435F-96A5-F0361A573072}"
EndProject
Global
	GlobalSection(SolutionConfigurationPlatforms) = preSolution
		Debug|Any CPU = Debug|Any CPU
		Release|Any CPU = Release|Any CPU
	EndGlobalSection
	GlobalSection(ProjectConfigurationPlatforms) = postSolution
		{976F6608-2F58-48C3-B39B-7769F438D1BC}.Debug|Any CPU.ActiveCfg = Debug|Any CPU
		{976F6608-2F58-48C3-B39B-7769F438D1BC}.Debug|Any CPU.Build.0 = Debug|Any CPU
		{976F6608-2F58-48C3-B39B-7769F438D1BC}.Release|Any CPU.ActiveCfg = Release|Any CPU
		{976F6608-2F58-48C3-B39B-7769F438D1BC}.Release|Any CPU.Build.0 = Release|Any CPU
		{C5561563-D394-48E3-AB34-E64F7C0DF6BD}.Debug|Any CPU.ActiveCfg = Debug|Any CPU
		{C5561563-D394-48E3-AB34-E64F7C0DF6BD}.Debug|Any CPU.Build.0 = Debug|Any CPU
		{C5561563-D394-48E3-AB34-E64F7C0DF6BD}.Release|Any CPU.ActiveCfg = Release|Any CPU
		{C5561563-D394-48E3-AB34-E64F7C0DF6BD}.Release|Any CPU.Build.0 = Release|Any CPU
		{BCA7638A-F48A-4F60-94B7-13495A9BD39F}.Debug|Any CPU.ActiveCfg = Debug|Any CPU
		{BCA7638A-F48A-4F60-94B7-13495A9BD39F}.Debug|Any CPU.Build.0 = Debug|Any CPU
		{BCA7638A-F48A-4F60-94B7-13495A9BD39F}.Release|Any CPU.ActiveCfg = Release|Any CPU
		{BCA7638A-F48A-4F60-94B7-13495A9BD39F}.Release|Any CPU.Build.0 = Release|Any CPU
		{12C13C9B-9AD6-435F-96A5-F0361A573072}.Debug|Any CPU.ActiveCfg = Debug|Any CPU
		{12C13C9B-9AD6-435F-96A5-F0361A573072}.Debug|Any CPU.Build.0 = Debug|Any CPU
		{12C13C9B-9AD6-435F-96A5-F0361A573072}.Release|Any CPU.ActiveCfg = Release|Any CPU
		{12C13C9B-9AD6-435F-96A5-F0361A573072}.Release|Any CPU.Build.0 = Release|Any CPU
	EndGlobalSection
	GlobalSection(SolutionProperties) = preSolution
		HideSolutionNode = FALSE
	EndGlobalSection
	GlobalSection(ExtensibilityGlobals) = postSolution
		SolutionGuid = {FC29E90A-F61F-472F-8C67-C565AB3AFD0C}
	EndGlobalSection
EndGlobal
